
Microsoft Visual Studio Solution File, Format Version 12.00
# Visual Studio Version 17
VisualStudioVersion = 17.13.35919.96
MinimumVisualStudioVersion = 10.0.40219.1
Project("{2150E333-8FDC-42A3-9474-1A3956D46DE8}") = "src", "src", "{02EA681E-C7D8-13C7-8484-4AC65E1B71E8}"
EndProject
Project("{2150E333-8FDC-42A3-9474-1A3956D46DE8}") = "test", "test", "{164A3E23-6E39-4FD9-8A25-5219874926F4}"
EndProject
Project("{2150E333-8FDC-42A3-9474-1A3956D46DE8}") = "APIs", "APIs", "{EAB09335-4B20-4332-AE47-C2D1085AC9CB}"
EndProject
Project("{2150E333-8FDC-42A3-9474-1A3956D46DE8}") = "Core", "Core", "{95E69F0F-73DC-4B0E-A27E-5A8C17B908D6}"
EndProject
Project("{2150E333-8FDC-42A3-9474-1A3956D46DE8}") = "Infrastructure", "Infrastructure", "{32BB5BA2-66A9-4ED8-9D64-A78F9EE9335D}"
EndProject
Project("{2150E333-8FDC-42A3-9474-1A3956D46DE8}") = "UI", "UI", "{DF99E0FD-6699-4821-9DEF-9479E945CA18}"
EndProject
Project("{2150E333-8FDC-42A3-9474-1A3956D46DE8}") = "Client", "Client", "{F172F3DB-C007-4F3C-903F-5B31F78E91D7}"
EndProject
Project("{2150E333-8FDC-42A3-9474-1A3956D46DE8}") = "Dashboard", "Dashboard", "{57C06660-F235-4D9D-8166-05E77513252B}"
EndProject
Project("{FAE04EC0-301F-11D3-BF4B-00C04F79EFBC}") = "LinkDev.Talabat.APIs", "LinkDiv.Talabat.APIs\LinkDev.Talabat.APIs.csproj", "{647F017F-DEEF-479B-A937-3372A0FDDD5E}"
EndProject
Project("{FAE04EC0-301F-11D3-BF4B-00C04F79EFBC}") = "LinkDev.Talabat.Core.Domain", "LinkDiv.Talabat.Core.Domain\LinkDev.Talabat.Core.Domain.csproj", "{D8ECD8DF-1833-4CE7-B0D5-7632FBA47E54}"
EndProject
Project("{FAE04EC0-301F-11D3-BF4B-00C04F79EFBC}") = "LinkDev.Talabat.Core.Application", "LinkDiv.Talabat.Core.Application\LinkDev.Talabat.Core.Application.csproj", "{4B162134-9981-4891-9CEB-DF0764832DCF}"
EndProject
Project("{FAE04EC0-301F-11D3-BF4B-00C04F79EFBC}") = "LinkDev.Talabat.Core.Application.Abstraction", "LinkDev.Talabat.Core.Application.Abstraction\LinkDev.Talabat.Core.Application.Abstraction.csproj", "{EE9B2757-21A7-4D02-9F22-0236418805D0}"
EndProject
Project("{FAE04EC0-301F-11D3-BF4B-00C04F79EFBC}") = "LinkDev.Talabat.Infrastructure", "LinkDev.Talabat.Infrastructure\LinkDev.Talabat.Infrastructure.csproj", "{A408F734-3450-42D2-812F-508B1DBA7B52}"
EndProject
Project("{FAE04EC0-301F-11D3-BF4B-00C04F79EFBC}") = "LinkDev.Talabat.Infrastructure.Persistence", "LinkDev.Talabat.Infrastructure.Persistence\LinkDev.Talabat.Infrastructure.Persistence.csproj", "{C0A99FE3-D2A4-46BE-BC67-C5DC3A6CC3D4}"
EndProject
Project("{54A90642-561A-4BB1-A94E-469ADEE60C69}") = "Talabat.Client", "Talabat.Client\Talabat.Client.esproj", "{151A2DBF-9A41-AA20-D787-4D3EE1C92A55}"
EndProject
Project("{FAE04EC0-301F-11D3-BF4B-00C04F79EFBC}") = "LinkDev.Talabat.Dashboard", "LinkDev.Talabat.Dashboard\LinkDev.Talabat.Dashboard.csproj", "{4B6D1403-7A44-4ADC-AD2B-20B7247C57B3}"
EndProject
Project("{FAE04EC0-301F-11D3-BF4B-00C04F79EFBC}") = "LinkDev.Talabat.APIs.Controller", "LinkDev.Talabat.APIs.Controller\LinkDev.Talabat.APIs.Controller.csproj", "{018037F8-29A8-475F-B905-6A3B7A833574}"
EndProject
Global
	GlobalSection(SolutionConfigurationPlatforms) = preSolution
		Debug|Any CPU = Debug|Any CPU
		Release|Any CPU = Release|Any CPU
	EndGlobalSection
	GlobalSection(ProjectConfigurationPlatforms) = postSolution
		{647F017F-DEEF-479B-A937-3372A0FDDD5E}.Debug|Any CPU.ActiveCfg = Debug|Any CPU
		{647F017F-DEEF-479B-A937-3372A0FDDD5E}.Debug|Any CPU.Build.0 = Debug|Any CPU
		{647F017F-DEEF-479B-A937-3372A0FDDD5E}.Release|Any CPU.ActiveCfg = Release|Any CPU
		{647F017F-DEEF-479B-A937-3372A0FDDD5E}.Release|Any CPU.Build.0 = Release|Any CPU
		{D8ECD8DF-1833-4CE7-B0D5-7632FBA47E54}.Debug|Any CPU.ActiveCfg = Debug|Any CPU
		{D8ECD8DF-1833-4CE7-B0D5-7632FBA47E54}.Debug|Any CPU.Build.0 = Debug|Any CPU
		{D8ECD8DF-1833-4CE7-B0D5-7632FBA47E54}.Release|Any CPU.ActiveCfg = Release|Any CPU
		{D8ECD8DF-1833-4CE7-B0D5-7632FBA47E54}.Release|Any CPU.Build.0 = Release|Any CPU
		{4B162134-9981-4891-9CEB-DF0764832DCF}.Debug|Any CPU.ActiveCfg = Debug|Any CPU
		{4B162134-9981-4891-9CEB-DF0764832DCF}.Debug|Any CPU.Build.0 = Debug|Any CPU
		{4B162134-9981-4891-9CEB-DF0764832DCF}.Release|Any CPU.ActiveCfg = Release|Any CPU
		{4B162134-9981-4891-9CEB-DF0764832DCF}.Release|Any CPU.Build.0 = Release|Any CPU
		{EE9B2757-21A7-4D02-9F22-0236418805D0}.Debug|Any CPU.ActiveCfg = Debug|Any CPU
		{EE9B2757-21A7-4D02-9F22-0236418805D0}.Debug|Any CPU.Build.0 = Debug|Any CPU
		{EE9B2757-21A7-4D02-9F22-0236418805D0}.Release|Any CPU.ActiveCfg = Release|Any CPU
		{EE9B2757-21A7-4D02-9F22-0236418805D0}.Release|Any CPU.Build.0 = Release|Any CPU
		{A408F734-3450-42D2-812F-508B1DBA7B52}.Debug|Any CPU.ActiveCfg = Debug|Any CPU
		{A408F734-3450-42D2-812F-508B1DBA7B52}.Debug|Any CPU.Build.0 = Debug|Any CPU
		{A408F734-3450-42D2-812F-508B1DBA7B52}.Release|Any CPU.ActiveCfg = Release|Any CPU
		{A408F734-3450-42D2-812F-508B1DBA7B52}.Release|Any CPU.Build.0 = Release|Any CPU
		{C0A99FE3-D2A4-46BE-BC67-C5DC3A6CC3D4}.Debug|Any CPU.ActiveCfg = Debug|Any CPU
		{C0A99FE3-D2A4-46BE-BC67-C5DC3A6CC3D4}.Debug|Any CPU.Build.0 = Debug|Any CPU
		{C0A99FE3-D2A4-46BE-BC67-C5DC3A6CC3D4}.Release|Any CPU.ActiveCfg = Release|Any CPU
		{C0A99FE3-D2A4-46BE-BC67-C5DC3A6CC3D4}.Release|Any CPU.Build.0 = Release|Any CPU
		{151A2DBF-9A41-AA20-D787-4D3EE1C92A55}.Debug|Any CPU.ActiveCfg = Debug|Any CPU
		{151A2DBF-9A41-AA20-D787-4D3EE1C92A55}.Debug|Any CPU.Build.0 = Debug|Any CPU
		{151A2DBF-9A41-AA20-D787-4D3EE1C92A55}.Debug|Any CPU.Deploy.0 = Debug|Any CPU
		{151A2DBF-9A41-AA20-D787-4D3EE1C92A55}.Release|Any CPU.ActiveCfg = Release|Any CPU
		{151A2DBF-9A41-AA20-D787-4D3EE1C92A55}.Release|Any CPU.Build.0 = Release|Any CPU
		{151A2DBF-9A41-AA20-D787-4D3EE1C92A55}.Release|Any CPU.Deploy.0 = Release|Any CPU
		{4B6D1403-7A44-4ADC-AD2B-20B7247C57B3}.Debug|Any CPU.ActiveCfg = Debug|Any CPU
		{4B6D1403-7A44-4ADC-AD2B-20B7247C57B3}.Debug|Any CPU.Build.0 = Debug|Any CPU
		{4B6D1403-7A44-4ADC-AD2B-20B7247C57B3}.Release|Any CPU.ActiveCfg = Release|Any CPU
		{4B6D1403-7A44-4ADC-AD2B-20B7247C57B3}.Release|Any CPU.Build.0 = Release|Any CPU
		{018037F8-29A8-475F-B905-6A3B7A833574}.Debug|Any CPU.ActiveCfg = Debug|Any CPU
		{018037F8-29A8-475F-B905-6A3B7A833574}.Debug|Any CPU.Build.0 = Debug|Any CPU
		{018037F8-29A8-475F-B905-6A3B7A833574}.Release|Any CPU.ActiveCfg = Release|Any CPU
		{018037F8-29A8-475F-B905-6A3B7A833574}.Release|Any CPU.Build.0 = Release|Any CPU
	EndGlobalSection
	GlobalSection(SolutionProperties) = preSolution
		HideSolutionNode = FALSE
	EndGlobalSection
	GlobalSection(NestedProjects) = preSolution
		{EAB09335-4B20-4332-AE47-C2D1085AC9CB} = {02EA681E-C7D8-13C7-8484-4AC65E1B71E8}
		{95E69F0F-73DC-4B0E-A27E-5A8C17B908D6} = {02EA681E-C7D8-13C7-8484-4AC65E1B71E8}
		{32BB5BA2-66A9-4ED8-9D64-A78F9EE9335D} = {02EA681E-C7D8-13C7-8484-4AC65E1B71E8}
		{DF99E0FD-6699-4821-9DEF-9479E945CA18} = {02EA681E-C7D8-13C7-8484-4AC65E1B71E8}
		{F172F3DB-C007-4F3C-903F-5B31F78E91D7} = {DF99E0FD-6699-4821-9DEF-9479E945CA18}
		{57C06660-F235-4D9D-8166-05E77513252B} = {DF99E0FD-6699-4821-9DEF-9479E945CA18}
		{647F017F-DEEF-479B-A937-3372A0FDDD5E} = {EAB09335-4B20-4332-AE47-C2D1085AC9CB}
		{D8ECD8DF-1833-4CE7-B0D5-7632FBA47E54} = {95E69F0F-73DC-4B0E-A27E-5A8C17B908D6}
		{4B162134-9981-4891-9CEB-DF0764832DCF} = {95E69F0F-73DC-4B0E-A27E-5A8C17B908D6}
		{EE9B2757-21A7-4D02-9F22-0236418805D0} = {95E69F0F-73DC-4B0E-A27E-5A8C17B908D6}
		{A408F734-3450-42D2-812F-508B1DBA7B52} = {32BB5BA2-66A9-4ED8-9D64-A78F9EE9335D}
		{C0A99FE3-D2A4-46BE-BC67-C5DC3A6CC3D4} = {32BB5BA2-66A9-4ED8-9D64-A78F9EE9335D}
		{151A2DBF-9A41-AA20-D787-4D3EE1C92A55} = {F172F3DB-C007-4F3C-903F-5B31F78E91D7}
		{4B6D1403-7A44-4ADC-AD2B-20B7247C57B3} = {57C06660-F235-4D9D-8166-05E77513252B}
		{018037F8-29A8-475F-B905-6A3B7A833574} = {EAB09335-4B20-4332-AE47-C2D1085AC9CB}
	EndGlobalSection
	GlobalSection(ExtensibilityGlobals) = postSolution
		SolutionGuid = {AC78E4CB-A075-4771-A8E1-E8A3433BC3BC}
	EndGlobalSection
EndGlobal
